
Microsoft Visual Studio Solution File, Format Version 12.00
# Visual Studio Version 16
VisualStudioVersion = 16.0.30804.86
MinimumVisualStudioVersion = 10.0.40219.1
Project("{9A19103F-16F7-4668-BE54-9A1E7A4F7556}") = "BlazorLearnApp", "BlazorLearnApp\BlazorLearnApp.csproj", "{E534859A-B8EB-469A-9A23-5317956AF859}"
EndProject
Global
	GlobalSection(SolutionConfigurationPlatforms) = preSolution
		Debug|Any CPU = Debug|Any CPU
		Release|Any CPU = Release|Any CPU
	EndGlobalSection
	GlobalSection(ProjectConfigurationPlatforms) = postSolution
		{E534859A-B8EB-469A-9A23-5317956AF859}.Debug|Any CPU.ActiveCfg = Debug|Any CPU
		{E534859A-B8EB-469A-9A23-5317956AF859}.Debug|Any CPU.Build.0 = Debug|Any CPU
		{E534859A-B8EB-469A-9A23-5317956AF859}.Release|Any CPU.ActiveCfg = Release|Any CPU
		{E534859A-B8EB-469A-9A23-5317956AF859}.Release|Any CPU.Build.0 = Release|Any CPU
	EndGlobalSection
	GlobalSection(SolutionProperties) = preSolution
		HideSolutionNode = FALSE
	EndGlobalSection
	GlobalSection(ExtensibilityGlobals) = postSolution
		SolutionGuid = {B88B26D1-CF41-4B79-86E3-CFEF83B7EA47}
	EndGlobalSection
EndGlobal
